
Microsoft Visual Studio Solution File, Format Version 12.00
# Visual Studio Version 16
VisualStudioVersion = 16.0.31410.357
MinimumVisualStudioVersion = 10.0.40219.1
Project("{2150E333-8FDC-42A3-9474-1A3956D46DE8}") = "EShop", "EShop", "{7937049D-B8A5-4C19-BAA1-91B2727D2D57}"
EndProject
Project("{FAE04EC0-301F-11D3-BF4B-00C04F79EFBC}") = "TicketEShop", "TicketEShop\TicketEShop.csproj", "{93314B6A-454E-4B88-B8D1-72A6044497DA}"
EndProject
Global
	GlobalSection(SolutionConfigurationPlatforms) = preSolution
		Debug|Any CPU = Debug|Any CPU
		Release|Any CPU = Release|Any CPU
	EndGlobalSection
	GlobalSection(ProjectConfigurationPlatforms) = postSolution
		{93314B6A-454E-4B88-B8D1-72A6044497DA}.Debug|Any CPU.ActiveCfg = Debug|Any CPU
		{93314B6A-454E-4B88-B8D1-72A6044497DA}.Debug|Any CPU.Build.0 = Debug|Any CPU
		{93314B6A-454E-4B88-B8D1-72A6044497DA}.Release|Any CPU.ActiveCfg = Release|Any CPU
		{93314B6A-454E-4B88-B8D1-72A6044497DA}.Release|Any CPU.Build.0 = Release|Any CPU
	EndGlobalSection
	GlobalSection(SolutionProperties) = preSolution
		HideSolutionNode = FALSE
	EndGlobalSection
	GlobalSection(NestedProjects) = preSolution
		{93314B6A-454E-4B88-B8D1-72A6044497DA} = {7937049D-B8A5-4C19-BAA1-91B2727D2D57}
	EndGlobalSection
	GlobalSection(ExtensibilityGlobals) = postSolution
		SolutionGuid = {A8D3EC6D-4DB2-48B0-9A07-F90C1B2FEE60}
	EndGlobalSection
EndGlobal
